# GENERATED FILE — DO NOT EDIT DIRECTLY
schema_version: 1

bundle:
  version: "0.1.0-dev"
  release_sequence: 0
  channel: "development"
  source_commit: "96c240d6750a912a1c7b516fd474c051d247e8c3"
  digest: "sha256:abc8dd5238c4ebf2af095c22a6a169e249735e2adbcba7440e4fa4aa2058cea5"

projection:
  input_digest: "sha256:d649924c42c23a7e7dbeac452ba8a14de7cea37d6588591df1ec9f2f4177ce82"
  output_digest: "sha256:009df1834ddb85c848c1a864cc7225740f7e254f4e155180fe1004c1f3b1e6c2"
  files:
    - path: ".claude/CLAUDE.md"
      digest: "sha256:ec5ca52e5c5d805be47318e300637f5f7077d55d60b71a034d2635ba0584d8c2"
    - path: ".gds/compiled-policy.json"
      digest: "sha256:4c8269073e5dc23d9b9c1f0a542e8b70847ff52656fb2a337d2beb9a3df0ff80"
    - path: "AGENTS.md"
      digest: "sha256:09094193c9900c2a4b9f9e308fa3c4d17be93b73bb139fa68198dd6f93bf10a8"
